
Microsoft Visual Studio Solution File, Format Version 12.00
# Visual Studio Express 2012 for Windows Desktop
Project("{FAE04EC0-301F-11D3-BF4B-00C04F79EFBC}") = "Amnesia", "Amnesia\Amnesia.csproj", "{FF711254-A614-463C-AD47-6E98DC976D99}"
EndProject
Global
	GlobalSection(SolutionConfigurationPlatforms) = preSolution
		Debug|Any CPU = Debug|Any CPU
		Release|Any CPU = Release|Any CPU
	EndGlobalSection
	GlobalSection(ProjectConfigurationPlatforms) = postSolution
		{FF711254-A614-463C-AD47-6E98DC976D99}.Debug|Any CPU.ActiveCfg = Debug|Any CPU
		{FF711254-A614-463C-AD47-6E98DC976D99}.Debug|Any CPU.Build.0 = Debug|Any CPU
		{FF711254-A614-463C-AD47-6E98DC976D99}.Release|Any CPU.ActiveCfg = Release|Any CPU
		{FF711254-A614-463C-AD47-6E98DC976D99}.Release|Any CPU.Build.0 = Release|Any CPU
	EndGlobalSection
	GlobalSection(SolutionProperties) = preSolution
		HideSolutionNode = FALSE
	EndGlobalSection
EndGlobal
